{
    "hash": "1965ac9048bf83cf390758a40eb6c4cf",
    "packages": [
        {
            "package": "fabpot/yaml",
            "version": "1.0.6"
        },
        {
            "package": "leafo/lessphp",
            "version": "dev-master",
            "source-reference": "e0b199efdda5f0a09c979e91f95c622ae48e173a"
        },
        {
            "package": "sallycms/less-mixins",
            "version": "v2.2.0"
        },
        {
            "package": "webvariants/babelcache",
            "version": "v1.2.12"
        }
    ],
    "packages-dev": null,
    "aliases": [

    ],
    "minimum-stability": "dev",
    "stability-flags": {
        "leafo/lessphp": 20
    }
}
