{
    "hash": "c9ee37c388c5e0e038ab476c3eb54494",
    "packages": [
        {
            "package": "fabpot/yaml",
            "version": "1.0.6"
        },
        {
            "package": "leafo/lessphp",
            "version": "0.3.4"
        },
        {
            "package": "webvariants/babelcache",
            "version": "v1.2.12"
        }
    ],
    "packages-dev": null,
    "aliases": [

    ],
    "minimum-stability": "dev",
    "stability-flags": [

    ]
}
